{
  "requires": true,
  "lockfileVersion": 1,
  "dependencies": {
    "jquery": {
      "version": "3.5.1",
      "resolved": "https://registry.npmjs.org/jquery/-/jquery-3.5.1.tgz",
      "integrity": "sha512-XwIBPqcMn57FxfT+Go5pzySnm4KWkT1Tv7gjrpT1srtf8Weynl6R273VJ5GjkRb51IzMp5nbaPjJXMWeju2MKg=="
    },
    "node-salsa20": {
      "version": "0.2.2",
      "resolved": "https://registry.npmjs.org/node-salsa20/-/node-salsa20-0.2.2.tgz",
      "integrity": "sha512-1bEYLM90FndmCEGY2HSMXknPSvjPhmr53157RW9f5s/Svv4pMQfmzL0vvfkqSyWTau2dLzi1MttoByARbMghdg=="
    }
  }
}
